// !$*UTF8*$!
{
	archiveVersion = 1;
	classes = {
	};
	objectVersion = 56;
	objects = {

/* Begin PBXBuildFile section */
		8234DC3E2C27C0C6004CFD00 /* PlayerEventsData.swift in Sources */ = {isa = PBXBuildFile; fileRef = 8234DC3D2C27C0C6004CFD00 /* PlayerEventsData.swift */; };
		8234DC402C27C1F8004CFD00 /* PlayerPageView.swift in Sources */ = {isa = PBXBuildFile; fileRef = 8234DC3F2C27C1F8004CFD00 /* PlayerPageView.swift */; };
		8234DC422C27CDAD004CFD00 /* README.md in Resources */ = {isa = PBXBuildFile; fileRef = 8234DC412C27CDAD004CFD00 /* README.md */; };
		8234DC442C27E521004CFD00 /* VariantsView.swift in Sources */ = {isa = PBXBuildFile; fileRef = 8234DC432C27E521004CFD00 /* VariantsView.swift */; };
		8234DC462C27F15B004CFD00 /* MessagesView.swift in Sources */ = {isa = PBXBuildFile; fileRef = 8234DC452C27F15B004CFD00 /* MessagesView.swift */; };
		824E76922C28CF1A000D28D0 /* ErrorsView.swift in Sources */ = {isa = PBXBuildFile; fileRef = 824E76912C28CF1A000D28D0 /* ErrorsView.swift */; };
		8277EC282C26544B0017DA3E /* DemoPlayerApp.swift in Sources */ = {isa = PBXBuildFile; fileRef = 8277EC272C26544B0017DA3E /* DemoPlayerApp.swift */; };
		8277EC2A2C26544B0017DA3E /* ContentView.swift in Sources */ = {isa = PBXBuildFile; fileRef = 8277EC292C26544B0017DA3E /* ContentView.swift */; };
		8277EC2C2C26544C0017DA3E /* Assets.xcassets in Resources */ = {isa = PBXBuildFile; fileRef = 8277EC2B2C26544C0017DA3E /* Assets.xcassets */; };
		8277EC302C26544C0017DA3E /* Preview Assets.xcassets in Resources */ = {isa = PBXBuildFile; fileRef = 8277EC2F2C26544C0017DA3E /* Preview Assets.xcassets */; };
		8277EC372C2655380017DA3E /* PlayerViewControllerRepresentation.swift in Sources */ = {isa = PBXBuildFile; fileRef = 8277EC362C2655380017DA3E /* PlayerViewControllerRepresentation.swift */; };
		827987802C2A74E500CC3B5A /* BasicRowView.swift in Sources */ = {isa = PBXBuildFile; fileRef = 8279877F2C2A74E500CC3B5A /* BasicRowView.swift */; };
		827987822C2A815900CC3B5A /* View+Extensions.swift in Sources */ = {isa = PBXBuildFile; fileRef = 827987812C2A815900CC3B5A /* View+Extensions.swift */; };
		82BAE55D2C287ECF0014231D /* PlayerItemEventsListener.swift in Sources */ = {isa = PBXBuildFile; fileRef = 82BAE55C2C287ECF0014231D /* PlayerItemEventsListener.swift */; };
		82C8C4162C28FCAC00D80B26 /* TracksView.swift in Sources */ = {isa = PBXBuildFile; fileRef = 82C8C4152C28FCAC00D80B26 /* TracksView.swift */; };
		82CD096F2C292B07007570BA /* String+Extensions.swift in Sources */ = {isa = PBXBuildFile; fileRef = 82CD096E2C292B07007570BA /* String+Extensions.swift */; };
/* End PBXBuildFile section */

/* Begin PBXFileReference section */
		8234DC3D2C27C0C6004CFD00 /* PlayerEventsData.swift */ = {isa = PBXFileReference; lastKnownFileType = sourcecode.swift; path = PlayerEventsData.swift; sourceTree = "<group>"; };
		8234DC3F2C27C1F8004CFD00 /* PlayerPageView.swift */ = {isa = PBXFileReference; lastKnownFileType = sourcecode.swift; path = PlayerPageView.swift; sourceTree = "<group>"; };
		8234DC412C27CDAD004CFD00 /* README.md */ = {isa = PBXFileReference; fileEncoding = 4; lastKnownFileType = net.daringfireball.markdown; path = README.md; sourceTree = SOURCE_ROOT; };
		8234DC432C27E521004CFD00 /* VariantsView.swift */ = {isa = PBXFileReference; lastKnownFileType = sourcecode.swift; path = VariantsView.swift; sourceTree = "<group>"; };
		8234DC452C27F15B004CFD00 /* MessagesView.swift */ = {isa = PBXFileReference; lastKnownFileType = sourcecode.swift; path = MessagesView.swift; sourceTree = "<group>"; };
		824E76912C28CF1A000D28D0 /* ErrorsView.swift */ = {isa = PBXFileReference; lastKnownFileType = sourcecode.swift; path = ErrorsView.swift; sourceTree = "<group>"; };
		8277EC242C26544B0017DA3E /* DemoPlayer.app */ = {isa = PBXFileReference; explicitFileType = wrapper.application; includeInIndex = 0; path = DemoPlayer.app; sourceTree = BUILT_PRODUCTS_DIR; };
		8277EC272C26544B0017DA3E /* DemoPlayerApp.swift */ = {isa = PBXFileReference; lastKnownFileType = sourcecode.swift; path = DemoPlayerApp.swift; sourceTree = "<group>"; };
		8277EC292C26544B0017DA3E /* ContentView.swift */ = {isa = PBXFileReference; lastKnownFileType = sourcecode.swift; path = ContentView.swift; sourceTree = "<group>"; };
		8277EC2B2C26544C0017DA3E /* Assets.xcassets */ = {isa = PBXFileReference; lastKnownFileType = folder.assetcatalog; path = Assets.xcassets; sourceTree = "<group>"; };
		8277EC2D2C26544C0017DA3E /* DemoPlayer.entitlements */ = {isa = PBXFileReference; lastKnownFileType = text.plist.entitlements; path = DemoPlayer.entitlements; sourceTree = "<group>"; };
		8277EC2F2C26544C0017DA3E /* Preview Assets.xcassets */ = {isa = PBXFileReference; lastKnownFileType = folder.assetcatalog; path = "Preview Assets.xcassets"; sourceTree = "<group>"; };
		8277EC362C2655380017DA3E /* PlayerViewControllerRepresentation.swift */ = {isa = PBXFileReference; lastKnownFileType = sourcecode.swift; path = PlayerViewControllerRepresentation.swift; sourceTree = "<group>"; };
		8279877F2C2A74E500CC3B5A /* BasicRowView.swift */ = {isa = PBXFileReference; lastKnownFileType = sourcecode.swift; path = BasicRowView.swift; sourceTree = "<group>"; };
		827987812C2A815900CC3B5A /* View+Extensions.swift */ = {isa = PBXFileReference; lastKnownFileType = sourcecode.swift; path = "View+Extensions.swift"; sourceTree = "<group>"; };
		82BAE55C2C287ECF0014231D /* PlayerItemEventsListener.swift */ = {isa = PBXFileReference; lastKnownFileType = sourcecode.swift; path = PlayerItemEventsListener.swift; sourceTree = "<group>"; };
		82C8C4152C28FCAC00D80B26 /* TracksView.swift */ = {isa = PBXFileReference; lastKnownFileType = sourcecode.swift; path = TracksView.swift; sourceTree = "<group>"; };
		82CD096E2C292B07007570BA /* String+Extensions.swift */ = {isa = PBXFileReference; lastKnownFileType = sourcecode.swift; path = "String+Extensions.swift"; sourceTree = "<group>"; };
/* End PBXFileReference section */

/* Begin PBXFrameworksBuildPhase section */
		8277EC212C26544B0017DA3E /* Frameworks */ = {
			isa = PBXFrameworksBuildPhase;
			buildActionMask = 2147483647;
			files = (
			);
			runOnlyForDeploymentPostprocessing = 0;
		};
/* End PBXFrameworksBuildPhase section */

/* Begin PBXGroup section */
		8277EC1B2C26544B0017DA3E = {
			isa = PBXGroup;
			children = (
				8277EC262C26544B0017DA3E /* DemoPlayer */,
				8277EC252C26544B0017DA3E /* Products */,
			);
			sourceTree = "<group>";
		};
		8277EC252C26544B0017DA3E /* Products */ = {
			isa = PBXGroup;
			children = (
				8277EC242C26544B0017DA3E /* DemoPlayer.app */,
			);
			name = Products;
			sourceTree = "<group>";
		};
		8277EC262C26544B0017DA3E /* DemoPlayer */ = {
			isa = PBXGroup;
			children = (
				8277EC2D2C26544C0017DA3E /* DemoPlayer.entitlements */,
				8234DC412C27CDAD004CFD00 /* README.md */,
				8277EC272C26544B0017DA3E /* DemoPlayerApp.swift */,
				8277EC2B2C26544C0017DA3E /* Assets.xcassets */,
				82D805BC2C2B42B5007E968B /* FrameworkExtensions */,
				82D805BB2C2B4293007E968B /* Player */,
				8277EC2E2C26544C0017DA3E /* Preview Content */,
				82D805BA2C2B424C007E968B /* Views */,
			);
			path = DemoPlayer;
			sourceTree = "<group>";
		};
		8277EC2E2C26544C0017DA3E /* Preview Content */ = {
			isa = PBXGroup;
			children = (
				8277EC2F2C26544C0017DA3E /* Preview Assets.xcassets */,
			);
			path = "Preview Content";
			sourceTree = "<group>";
		};
		82D805BA2C2B424C007E968B /* Views */ = {
			isa = PBXGroup;
			children = (
				8279877F2C2A74E500CC3B5A /* BasicRowView.swift */,
				8277EC292C26544B0017DA3E /* ContentView.swift */,
				824E76912C28CF1A000D28D0 /* ErrorsView.swift */,
				8234DC452C27F15B004CFD00 /* MessagesView.swift */,
				8234DC3F2C27C1F8004CFD00 /* PlayerPageView.swift */,
				82C8C4152C28FCAC00D80B26 /* TracksView.swift */,
				8234DC432C27E521004CFD00 /* VariantsView.swift */,
			);
			path = Views;
			sourceTree = "<group>";
		};
		82D805BB2C2B4293007E968B /* Player */ = {
			isa = PBXGroup;
			children = (
				8234DC3D2C27C0C6004CFD00 /* PlayerEventsData.swift */,
				82BAE55C2C287ECF0014231D /* PlayerItemEventsListener.swift */,
				8277EC362C2655380017DA3E /* PlayerViewControllerRepresentation.swift */,
			);
			path = Player;
			sourceTree = "<group>";
		};
		82D805BC2C2B42B5007E968B /* FrameworkExtensions */ = {
			isa = PBXGroup;
			children = (
				82CD096E2C292B07007570BA /* String+Extensions.swift */,
				827987812C2A815900CC3B5A /* View+Extensions.swift */,
			);
			path = FrameworkExtensions;
			sourceTree = "<group>";
		};
/* End PBXGroup section */

/* Begin PBXNativeTarget section */
		8277EC232C26544B0017DA3E /* DemoPlayer */ = {
			isa = PBXNativeTarget;
			buildConfigurationList = 8277EC332C26544C0017DA3E /* Build configuration list for PBXNativeTarget "DemoPlayer" */;
			buildPhases = (
				8277EC202C26544B0017DA3E /* Sources */,
				8277EC212C26544B0017DA3E /* Frameworks */,
				8277EC222C26544B0017DA3E /* Resources */,
			);
			buildRules = (
			);
			dependencies = (
			);
			name = DemoPlayer;
			productName = DemoPlayer;
			productReference = 8277EC242C26544B0017DA3E /* DemoPlayer.app */;
			productType = "com.apple.product-type.application";
		};
/* End PBXNativeTarget section */

/* Begin PBXProject section */
		8277EC1C2C26544B0017DA3E /* Project object */ = {
			isa = PBXProject;
			attributes = {
				BuildIndependentTargetsInParallel = 1;
				LastSwiftUpdateCheck = 1530;
				LastUpgradeCheck = 1530;
				TargetAttributes = {
					8277EC232C26544B0017DA3E = {
						CreatedOnToolsVersion = 15.3;
					};
				};
			};
			buildConfigurationList = 8277EC1F2C26544B0017DA3E /* Build configuration list for PBXProject "DemoPlayer" */;
			compatibilityVersion = "Xcode 14.0";
			developmentRegion = en;
			hasScannedForEncodings = 0;
			knownRegions = (
				en,
				Base,
			);
			mainGroup = 8277EC1B2C26544B0017DA3E;
			productRefGroup = 8277EC252C26544B0017DA3E /* Products */;
			projectDirPath = "";
			projectRoot = "";
			targets = (
				8277EC232C26544B0017DA3E /* DemoPlayer */,
			);
		};
/* End PBXProject section */

/* Begin PBXResourcesBuildPhase section */
		8277EC222C26544B0017DA3E /* Resources */ = {
			isa = PBXResourcesBuildPhase;
			buildActionMask = 2147483647;
			files = (
				8234DC422C27CDAD004CFD00 /* README.md in Resources */,
				8277EC302C26544C0017DA3E /* Preview Assets.xcassets in Resources */,
				8277EC2C2C26544C0017DA3E /* Assets.xcassets in Resources */,
			);
			runOnlyForDeploymentPostprocessing = 0;
		};
/* End PBXResourcesBuildPhase section */

/* Begin PBXSourcesBuildPhase section */
		8277EC202C26544B0017DA3E /* Sources */ = {
			isa = PBXSourcesBuildPhase;
			buildActionMask = 2147483647;
			files = (
				82BAE55D2C287ECF0014231D /* PlayerItemEventsListener.swift in Sources */,
				82CD096F2C292B07007570BA /* String+Extensions.swift in Sources */,
				827987802C2A74E500CC3B5A /* BasicRowView.swift in Sources */,
				8234DC442C27E521004CFD00 /* VariantsView.swift in Sources */,
				8277EC372C2655380017DA3E /* PlayerViewControllerRepresentation.swift in Sources */,
				8234DC402C27C1F8004CFD00 /* PlayerPageView.swift in Sources */,
				824E76922C28CF1A000D28D0 /* ErrorsView.swift in Sources */,
				8234DC3E2C27C0C6004CFD00 /* PlayerEventsData.swift in Sources */,
				82C8C4162C28FCAC00D80B26 /* TracksView.swift in Sources */,
				827987822C2A815900CC3B5A /* View+Extensions.swift in Sources */,
				8234DC462C27F15B004CFD00 /* MessagesView.swift in Sources */,
				8277EC2A2C26544B0017DA3E /* ContentView.swift in Sources */,
				8277EC282C26544B0017DA3E /* DemoPlayerApp.swift in Sources */,
			);
			runOnlyForDeploymentPostprocessing = 0;
		};
/* End PBXSourcesBuildPhase section */

/* Begin XCBuildConfiguration section */
		8277EC312C26544C0017DA3E /* Debug */ = {
			isa = XCBuildConfiguration;
			buildSettings = {
				ALWAYS_SEARCH_USER_PATHS = NO;
				ASSETCATALOG_COMPILER_GENERATE_SWIFT_ASSET_SYMBOL_EXTENSIONS = YES;
				CLANG_ANALYZER_NONNULL = YES;
				CLANG_ANALYZER_NUMBER_OBJECT_CONVERSION = YES_AGGRESSIVE;
				CLANG_CXX_LANGUAGE_STANDARD = "gnu++20";
				CLANG_ENABLE_MODULES = YES;
				CLANG_ENABLE_OBJC_ARC = YES;
				CLANG_ENABLE_OBJC_WEAK = YES;
				CLANG_WARN_BLOCK_CAPTURE_AUTORELEASING = YES;
				CLANG_WARN_BOOL_CONVERSION = YES;
				CLANG_WARN_COMMA = YES;
				CLANG_WARN_CONSTANT_CONVERSION = YES;
				CLANG_WARN_DEPRECATED_OBJC_IMPLEMENTATIONS = YES;
				CLANG_WARN_DIRECT_OBJC_ISA_USAGE = YES_ERROR;
				CLANG_WARN_DOCUMENTATION_COMMENTS = YES;
				CLANG_WARN_EMPTY_BODY = YES;
				CLANG_WARN_ENUM_CONVERSION = YES;
				CLANG_WARN_INFINITE_RECURSION = YES;
				CLANG_WARN_INT_CONVERSION = YES;
				CLANG_WARN_NON_LITERAL_NULL_CONVERSION = YES;
				CLANG_WARN_OBJC_IMPLICIT_RETAIN_SELF = YES;
				CLANG_WARN_OBJC_LITERAL_CONVERSION = YES;
				CLANG_WARN_OBJC_ROOT_CLASS = YES_ERROR;
				CLANG_WARN_QUOTED_INCLUDE_IN_FRAMEWORK_HEADER = YES;
				CLANG_WARN_RANGE_LOOP_ANALYSIS = YES;
				CLANG_WARN_STRICT_PROTOTYPES = YES;
				CLANG_WARN_SUSPICIOUS_MOVE = YES;
				CLANG_WARN_UNGUARDED_AVAILABILITY = YES_AGGRESSIVE;
				CLANG_WARN_UNREACHABLE_CODE = YES;
				CLANG_WARN__DUPLICATE_METHOD_MATCH = YES;
				COPY_PHASE_STRIP = NO;
				DEBUG_INFORMATION_FORMAT = dwarf;
				ENABLE_STRICT_OBJC_MSGSEND = YES;
				ENABLE_TESTABILITY = YES;
				ENABLE_USER_SCRIPT_SANDBOXING = YES;
				GCC_C_LANGUAGE_STANDARD = gnu17;
				GCC_DYNAMIC_NO_PIC = NO;
				GCC_NO_COMMON_BLOCKS = YES;
				GCC_OPTIMIZATION_LEVEL = 0;
				GCC_PREPROCESSOR_DEFINITIONS = (
					"DEBUG=1",
					"$(inherited)",
				);
				GCC_WARN_64_TO_32_BIT_CONVERSION = YES;
				GCC_WARN_ABOUT_RETURN_TYPE = YES_ERROR;
				GCC_WARN_UNDECLARED_SELECTOR = YES;
				GCC_WARN_UNINITIALIZED_AUTOS = YES_AGGRESSIVE;
				GCC_WARN_UNUSED_FUNCTION = YES;
				GCC_WARN_UNUSED_VARIABLE = YES;
				LOCALIZATION_PREFERS_STRING_CATALOGS = YES;
				MTL_ENABLE_DEBUG_INFO = INCLUDE_SOURCE;
				MTL_FAST_MATH = YES;
				ONLY_ACTIVE_ARCH = YES;
				SWIFT_ACTIVE_COMPILATION_CONDITIONS = "DEBUG $(inherited)";
				SWIFT_OPTIMIZATION_LEVEL = "-Onone";
			};
			name = Debug;
		};
		8277EC322C26544C0017DA3E /* Release */ = {
			isa = XCBuildConfiguration;
			buildSettings = {
				ALWAYS_SEARCH_USER_PATHS = NO;
				ASSETCATALOG_COMPILER_GENERATE_SWIFT_ASSET_SYMBOL_EXTENSIONS = YES;
				CLANG_ANALYZER_NONNULL = YES;
				CLANG_ANALYZER_NUMBER_OBJECT_CONVERSION = YES_AGGRESSIVE;
				CLANG_CXX_LANGUAGE_STANDARD = "gnu++20";
				CLANG_ENABLE_MODULES = YES;
				CLANG_ENABLE_OBJC_ARC = YES;
				CLANG_ENABLE_OBJC_WEAK = YES;
				CLANG_WARN_BLOCK_CAPTURE_AUTORELEASING = YES;
				CLANG_WARN_BOOL_CONVERSION = YES;
				CLANG_WARN_COMMA = YES;
				CLANG_WARN_CONSTANT_CONVERSION = YES;
				CLANG_WARN_DEPRECATED_OBJC_IMPLEMENTATIONS = YES;
				CLANG_WARN_DIRECT_OBJC_ISA_USAGE = YES_ERROR;
				CLANG_WARN_DOCUMENTATION_COMMENTS = YES;
				CLANG_WARN_EMPTY_BODY = YES;
				CLANG_WARN_ENUM_CONVERSION = YES;
				CLANG_WARN_INFINITE_RECURSION = YES;
				CLANG_WARN_INT_CONVERSION = YES;
				CLANG_WARN_NON_LITERAL_NULL_CONVERSION = YES;
				CLANG_WARN_OBJC_IMPLICIT_RETAIN_SELF = YES;
				CLANG_WARN_OBJC_LITERAL_CONVERSION = YES;
				CLANG_WARN_OBJC_ROOT_CLASS = YES_ERROR;
				CLANG_WARN_QUOTED_INCLUDE_IN_FRAMEWORK_HEADER = YES;
				CLANG_WARN_RANGE_LOOP_ANALYSIS = YES;
				CLANG_WARN_STRICT_PROTOTYPES = YES;
				CLANG_WARN_SUSPICIOUS_MOVE = YES;
				CLANG_WARN_UNGUARDED_AVAILABILITY = YES_AGGRESSIVE;
				CLANG_WARN_UNREACHABLE_CODE = YES;
				CLANG_WARN__DUPLICATE_METHOD_MATCH = YES;
				COPY_PHASE_STRIP = NO;
				DEBUG_INFORMATION_FORMAT = "dwarf-with-dsym";
				ENABLE_NS_ASSERTIONS = NO;
				ENABLE_STRICT_OBJC_MSGSEND = YES;
				ENABLE_USER_SCRIPT_SANDBOXING = YES;
				GCC_C_LANGUAGE_STANDARD = gnu17;
				GCC_NO_COMMON_BLOCKS = YES;
				GCC_WARN_64_TO_32_BIT_CONVERSION = YES;
				GCC_WARN_ABOUT_RETURN_TYPE = YES_ERROR;
				GCC_WARN_UNDECLARED_SELECTOR = YES;
				GCC_WARN_UNINITIALIZED_AUTOS = YES_AGGRESSIVE;
				GCC_WARN_UNUSED_FUNCTION = YES;
				GCC_WARN_UNUSED_VARIABLE = YES;
				LOCALIZATION_PREFERS_STRING_CATALOGS = YES;
				MTL_ENABLE_DEBUG_INFO = NO;
				MTL_FAST_MATH = YES;
				SWIFT_COMPILATION_MODE = wholemodule;
			};
			name = Release;
		};
		8277EC342C26544C0017DA3E /* Debug */ = {
			isa = XCBuildConfiguration;
			buildSettings = {
				ASSETCATALOG_COMPILER_APPICON_NAME = AppIcon;
				ASSETCATALOG_COMPILER_GLOBAL_ACCENT_COLOR_NAME = AccentColor;
				CODE_SIGN_ENTITLEMENTS = DemoPlayer/DemoPlayer.entitlements;
				CODE_SIGN_STYLE = Automatic;
				CURRENT_PROJECT_VERSION = 1;
				DEVELOPMENT_ASSET_PATHS = "\"DemoPlayer/Preview Content\"";
				DEVELOPMENT_TEAM = 6QHSVMF5PW;
				ENABLE_PREVIEWS = YES;
				GENERATE_INFOPLIST_FILE = YES;
				"INFOPLIST_KEY_UIApplicationSceneManifest_Generation[sdk=iphoneos*]" = YES;
				"INFOPLIST_KEY_UIApplicationSceneManifest_Generation[sdk=iphonesimulator*]" = YES;
				"INFOPLIST_KEY_UIApplicationSupportsIndirectInputEvents[sdk=iphoneos*]" = YES;
				"INFOPLIST_KEY_UIApplicationSupportsIndirectInputEvents[sdk=iphonesimulator*]" = YES;
				"INFOPLIST_KEY_UILaunchScreen_Generation[sdk=iphoneos*]" = YES;
				"INFOPLIST_KEY_UILaunchScreen_Generation[sdk=iphonesimulator*]" = YES;
				"INFOPLIST_KEY_UIStatusBarStyle[sdk=iphoneos*]" = UIStatusBarStyleDefault;
				"INFOPLIST_KEY_UIStatusBarStyle[sdk=iphonesimulator*]" = UIStatusBarStyleDefault;
				INFOPLIST_KEY_UISupportedInterfaceOrientations_iPad = "UIInterfaceOrientationPortrait UIInterfaceOrientationPortraitUpsideDown UIInterfaceOrientationLandscapeLeft UIInterfaceOrientationLandscapeRight";
				INFOPLIST_KEY_UISupportedInterfaceOrientations_iPhone = "UIInterfaceOrientationPortrait UIInterfaceOrientationLandscapeLeft UIInterfaceOrientationLandscapeRight";
				IPHONEOS_DEPLOYMENT_TARGET = 16.0;
				LD_RUNPATH_SEARCH_PATHS = "@executable_path/Frameworks";
				"LD_RUNPATH_SEARCH_PATHS[sdk=macosx*]" = "@executable_path/../Frameworks";
				MACOSX_DEPLOYMENT_TARGET = 11.0;
				MARKETING_VERSION = 1.0;
				PRODUCT_BUNDLE_IDENTIFIER = com.therealrobg.DemoPlayer;
				PRODUCT_NAME = "$(TARGET_NAME)";
				SDKROOT = auto;
				SUPPORTED_PLATFORMS = "appletvos appletvsimulator iphoneos iphonesimulator";
				SUPPORTS_MACCATALYST = NO;
				SWIFT_EMIT_LOC_STRINGS = YES;
				SWIFT_VERSION = 5.0;
				TARGETED_DEVICE_FAMILY = "1,2,3";
				TVOS_DEPLOYMENT_TARGET = 16.0;
			};
			name = Debug;
		};
		8277EC352C26544C0017DA3E /* Release */ = {
			isa = XCBuildConfiguration;
			buildSettings = {
				ASSETCATALOG_COMPILER_APPICON_NAME = AppIcon;
				ASSETCATALOG_COMPILER_GLOBAL_ACCENT_COLOR_NAME = AccentColor;
				CODE_SIGN_ENTITLEMENTS = DemoPlayer/DemoPlayer.entitlements;
				CODE_SIGN_STYLE = Automatic;
				CURRENT_PROJECT_VERSION = 1;
				DEVELOPMENT_ASSET_PATHS = "\"DemoPlayer/Preview Content\"";
				DEVELOPMENT_TEAM = 6QHSVMF5PW;
				ENABLE_PREVIEWS = YES;
				GENERATE_INFOPLIST_FILE = YES;
				"INFOPLIST_KEY_UIApplicationSceneManifest_Generation[sdk=iphoneos*]" = YES;
				"INFOPLIST_KEY_UIApplicationSceneManifest_Generation[sdk=iphonesimulator*]" = YES;
				"INFOPLIST_KEY_UIApplicationSupportsIndirectInputEvents[sdk=iphoneos*]" = YES;
				"INFOPLIST_KEY_UIApplicationSupportsIndirectInputEvents[sdk=iphonesimulator*]" = YES;
				"INFOPLIST_KEY_UILaunchScreen_Generation[sdk=iphoneos*]" = YES;
				"INFOPLIST_KEY_UILaunchScreen_Generation[sdk=iphonesimulator*]" = YES;
				"INFOPLIST_KEY_UIStatusBarStyle[sdk=iphoneos*]" = UIStatusBarStyleDefault;
				"INFOPLIST_KEY_UIStatusBarStyle[sdk=iphonesimulator*]" = UIStatusBarStyleDefault;
				INFOPLIST_KEY_UISupportedInterfaceOrientations_iPad = "UIInterfaceOrientationPortrait UIInterfaceOrientationPortraitUpsideDown UIInterfaceOrientationLandscapeLeft UIInterfaceOrientationLandscapeRight";
				INFOPLIST_KEY_UISupportedInterfaceOrientations_iPhone = "UIInterfaceOrientationPortrait UIInterfaceOrientationLandscapeLeft UIInterfaceOrientationLandscapeRight";
				IPHONEOS_DEPLOYMENT_TARGET = 16.0;
				LD_RUNPATH_SEARCH_PATHS = "@executable_path/Frameworks";
				"LD_RUNPATH_SEARCH_PATHS[sdk=macosx*]" = "@executable_path/../Frameworks";
				MACOSX_DEPLOYMENT_TARGET = 11.0;
				MARKETING_VERSION = 1.0;
				PRODUCT_BUNDLE_IDENTIFIER = com.therealrobg.DemoPlayer;
				PRODUCT_NAME = "$(TARGET_NAME)";
				SDKROOT = auto;
				SUPPORTED_PLATFORMS = "appletvos appletvsimulator iphoneos iphonesimulator";
				SUPPORTS_MACCATALYST = NO;
				SWIFT_EMIT_LOC_STRINGS = YES;
				SWIFT_VERSION = 5.0;
				TARGETED_DEVICE_FAMILY = "1,2,3";
				TVOS_DEPLOYMENT_TARGET = 16.0;
			};
			name = Release;
		};
/* End XCBuildConfiguration section */

/* Begin XCConfigurationList section */
		8277EC1F2C26544B0017DA3E /* Build configuration list for PBXProject "DemoPlayer" */ = {
			isa = XCConfigurationList;
			buildConfigurations = (
				8277EC312C26544C0017DA3E /* Debug */,
				8277EC322C26544C0017DA3E /* Release */,
			);
			defaultConfigurationIsVisible = 0;
			defaultConfigurationName = Release;
		};
		8277EC332C26544C0017DA3E /* Build configuration list for PBXNativeTarget "DemoPlayer" */ = {
			isa = XCConfigurationList;
			buildConfigurations = (
				8277EC342C26544C0017DA3E /* Debug */,
				8277EC352C26544C0017DA3E /* Release */,
			);
			defaultConfigurationIsVisible = 0;
			defaultConfigurationName = Release;
		};
/* End XCConfigurationList section */
	};
	rootObject = 8277EC1C2C26544B0017DA3E /* Project object */;
}
